// !$*UTF8*$!
{
	archiveVersion = 1;
	classes = {
	};
	objectVersion = 55;
	objects = {

/* Begin PBXBuildFile section */
		EC14808D28DB3C3200C3F3D9 /* bazar_ccmApp.swift in Sources */ = {isa = PBXBuildFile; fileRef = EC14808C28DB3C3200C3F3D9 /* bazar_ccmApp.swift */; };
		EC14808F28DB3C3200C3F3D9 /* ContentView.swift in Sources */ = {isa = PBXBuildFile; fileRef = EC14808E28DB3C3200C3F3D9 /* ContentView.swift */; };
		EC14809128DB3C3600C3F3D9 /* Assets.xcassets in Resources */ = {isa = PBXBuildFile; fileRef = EC14809028DB3C3600C3F3D9 /* Assets.xcassets */; };
		EC14809428DB3C3600C3F3D9 /* Preview Assets.xcassets in Resources */ = {isa = PBXBuildFile; fileRef = EC14809328DB3C3600C3F3D9 /* Preview Assets.xcassets */; };
		EC14809C28DB3C9C00C3F3D9 /* accueilView.swift in Sources */ = {isa = PBXBuildFile; fileRef = EC14809B28DB3C9C00C3F3D9 /* accueilView.swift */; };
		EC14809E28DB3CC800C3F3D9 /* firebaseView.swift in Sources */ = {isa = PBXBuildFile; fileRef = EC14809D28DB3CC800C3F3D9 /* firebaseView.swift */; };
		EC1480A028DB3CD200C3F3D9 /* userView.swift in Sources */ = {isa = PBXBuildFile; fileRef = EC14809F28DB3CD200C3F3D9 /* userView.swift */; };
		EC1480A228DB5F1100C3F3D9 /* jsonView.swift in Sources */ = {isa = PBXBuildFile; fileRef = EC1480A128DB5F1100C3F3D9 /* jsonView.swift */; };
		EC1480A528DB60FA00C3F3D9 /* jsonModel.swift in Sources */ = {isa = PBXBuildFile; fileRef = EC1480A428DB60FA00C3F3D9 /* jsonModel.swift */; };
		EC1480A828DB63BD00C3F3D9 /* apiJson.swift in Sources */ = {isa = PBXBuildFile; fileRef = EC1480A728DB63BD00C3F3D9 /* apiJson.swift */; };
/* End PBXBuildFile section */

/* Begin PBXFileReference section */
		EC14808928DB3C3200C3F3D9 /* bazar-ccm.app */ = {isa = PBXFileReference; explicitFileType = wrapper.application; includeInIndex = 0; path = "bazar-ccm.app"; sourceTree = BUILT_PRODUCTS_DIR; };
		EC14808C28DB3C3200C3F3D9 /* bazar_ccmApp.swift */ = {isa = PBXFileReference; lastKnownFileType = sourcecode.swift; path = bazar_ccmApp.swift; sourceTree = "<group>"; };
		EC14808E28DB3C3200C3F3D9 /* ContentView.swift */ = {isa = PBXFileReference; lastKnownFileType = sourcecode.swift; path = ContentView.swift; sourceTree = "<group>"; };
		EC14809028DB3C3600C3F3D9 /* Assets.xcassets */ = {isa = PBXFileReference; lastKnownFileType = folder.assetcatalog; path = Assets.xcassets; sourceTree = "<group>"; };
		EC14809328DB3C3600C3F3D9 /* Preview Assets.xcassets */ = {isa = PBXFileReference; lastKnownFileType = folder.assetcatalog; path = "Preview Assets.xcassets"; sourceTree = "<group>"; };
		EC14809B28DB3C9C00C3F3D9 /* accueilView.swift */ = {isa = PBXFileReference; lastKnownFileType = sourcecode.swift; path = accueilView.swift; sourceTree = "<group>"; };
		EC14809D28DB3CC800C3F3D9 /* firebaseView.swift */ = {isa = PBXFileReference; lastKnownFileType = sourcecode.swift; path = firebaseView.swift; sourceTree = "<group>"; };
		EC14809F28DB3CD200C3F3D9 /* userView.swift */ = {isa = PBXFileReference; lastKnownFileType = sourcecode.swift; path = userView.swift; sourceTree = "<group>"; };
		EC1480A128DB5F1100C3F3D9 /* jsonView.swift */ = {isa = PBXFileReference; lastKnownFileType = sourcecode.swift; path = jsonView.swift; sourceTree = "<group>"; };
		EC1480A428DB60FA00C3F3D9 /* jsonModel.swift */ = {isa = PBXFileReference; lastKnownFileType = sourcecode.swift; path = jsonModel.swift; sourceTree = "<group>"; };
		EC1480A728DB63BD00C3F3D9 /* apiJson.swift */ = {isa = PBXFileReference; lastKnownFileType = sourcecode.swift; path = apiJson.swift; sourceTree = "<group>"; };
/* End PBXFileReference section */

/* Begin PBXFrameworksBuildPhase section */
		EC14808628DB3C3200C3F3D9 /* Frameworks */ = {
			isa = PBXFrameworksBuildPhase;
			buildActionMask = 2147483647;
			files = (
			);
			runOnlyForDeploymentPostprocessing = 0;
		};
/* End PBXFrameworksBuildPhase section */

/* Begin PBXGroup section */
		EC14808028DB3C3200C3F3D9 = {
			isa = PBXGroup;
			children = (
				EC14808B28DB3C3200C3F3D9 /* bazar-ccm */,
				EC14808A28DB3C3200C3F3D9 /* Products */,
			);
			sourceTree = "<group>";
		};
		EC14808A28DB3C3200C3F3D9 /* Products */ = {
			isa = PBXGroup;
			children = (
				EC14808928DB3C3200C3F3D9 /* bazar-ccm.app */,
			);
			name = Products;
			sourceTree = "<group>";
		};
		EC14808B28DB3C3200C3F3D9 /* bazar-ccm */ = {
			isa = PBXGroup;
			children = (
				EC1480A628DB63AD00C3F3D9 /* tools */,
				EC1480A328DB60E000C3F3D9 /* models */,
				EC14809A28DB3C8900C3F3D9 /* views */,
				EC14808C28DB3C3200C3F3D9 /* bazar_ccmApp.swift */,
				EC14808E28DB3C3200C3F3D9 /* ContentView.swift */,
				EC14809028DB3C3600C3F3D9 /* Assets.xcassets */,
				EC14809228DB3C3600C3F3D9 /* Preview Content */,
			);
			path = "bazar-ccm";
			sourceTree = "<group>";
		};
		EC14809228DB3C3600C3F3D9 /* Preview Content */ = {
			isa = PBXGroup;
			children = (
				EC14809328DB3C3600C3F3D9 /* Preview Assets.xcassets */,
			);
			path = "Preview Content";
			sourceTree = "<group>";
		};
		EC14809A28DB3C8900C3F3D9 /* views */ = {
			isa = PBXGroup;
			children = (
				EC14809B28DB3C9C00C3F3D9 /* accueilView.swift */,
				EC14809D28DB3CC800C3F3D9 /* firebaseView.swift */,
				EC14809F28DB3CD200C3F3D9 /* userView.swift */,
				EC1480A128DB5F1100C3F3D9 /* jsonView.swift */,
			);
			path = views;
			sourceTree = "<group>";
		};
		EC1480A328DB60E000C3F3D9 /* models */ = {
			isa = PBXGroup;
			children = (
				EC1480A428DB60FA00C3F3D9 /* jsonModel.swift */,
			);
			path = models;
			sourceTree = "<group>";
		};
		EC1480A628DB63AD00C3F3D9 /* tools */ = {
			isa = PBXGroup;
			children = (
				EC1480A728DB63BD00C3F3D9 /* apiJson.swift */,
			);
			path = tools;
			sourceTree = "<group>";
		};
/* End PBXGroup section */

/* Begin PBXNativeTarget section */
		EC14808828DB3C3200C3F3D9 /* bazar-ccm */ = {
			isa = PBXNativeTarget;
			buildConfigurationList = EC14809728DB3C3600C3F3D9 /* Build configuration list for PBXNativeTarget "bazar-ccm" */;
			buildPhases = (
				EC14808528DB3C3200C3F3D9 /* Sources */,
				EC14808628DB3C3200C3F3D9 /* Frameworks */,
				EC14808728DB3C3200C3F3D9 /* Resources */,
			);
			buildRules = (
			);
			dependencies = (
			);
			name = "bazar-ccm";
			productName = "bazar-ccm";
			productReference = EC14808928DB3C3200C3F3D9 /* bazar-ccm.app */;
			productType = "com.apple.product-type.application";
		};
/* End PBXNativeTarget section */

/* Begin PBXProject section */
		EC14808128DB3C3200C3F3D9 /* Project object */ = {
			isa = PBXProject;
			attributes = {
				BuildIndependentTargetsInParallel = 1;
				LastSwiftUpdateCheck = 1320;
				LastUpgradeCheck = 1320;
				TargetAttributes = {
					EC14808828DB3C3200C3F3D9 = {
						CreatedOnToolsVersion = 13.2.1;
					};
				};
			};
			buildConfigurationList = EC14808428DB3C3200C3F3D9 /* Build configuration list for PBXProject "bazar-ccm" */;
			compatibilityVersion = "Xcode 13.0";
			developmentRegion = en;
			hasScannedForEncodings = 0;
			knownRegions = (
				en,
				Base,
			);
			mainGroup = EC14808028DB3C3200C3F3D9;
			productRefGroup = EC14808A28DB3C3200C3F3D9 /* Products */;
			projectDirPath = "";
			projectRoot = "";
			targets = (
				EC14808828DB3C3200C3F3D9 /* bazar-ccm */,
			);
		};
/* End PBXProject section */

/* Begin PBXResourcesBuildPhase section */
		EC14808728DB3C3200C3F3D9 /* Resources */ = {
			isa = PBXResourcesBuildPhase;
			buildActionMask = 2147483647;
			files = (
				EC14809428DB3C3600C3F3D9 /* Preview Assets.xcassets in Resources */,
				EC14809128DB3C3600C3F3D9 /* Assets.xcassets in Resources */,
			);
			runOnlyForDeploymentPostprocessing = 0;
		};
/* End PBXResourcesBuildPhase section */

/* Begin PBXSourcesBuildPhase section */
		EC14808528DB3C3200C3F3D9 /* Sources */ = {
			isa = PBXSourcesBuildPhase;
			buildActionMask = 2147483647;
			files = (
				EC1480A228DB5F1100C3F3D9 /* jsonView.swift in Sources */,
				EC14808F28DB3C3200C3F3D9 /* ContentView.swift in Sources */,
				EC14809E28DB3CC800C3F3D9 /* firebaseView.swift in Sources */,
				EC1480A028DB3CD200C3F3D9 /* userView.swift in Sources */,
				EC1480A828DB63BD00C3F3D9 /* apiJson.swift in Sources */,
				EC1480A528DB60FA00C3F3D9 /* jsonModel.swift in Sources */,
				EC14808D28DB3C3200C3F3D9 /* bazar_ccmApp.swift in Sources */,
				EC14809C28DB3C9C00C3F3D9 /* accueilView.swift in Sources */,
			);
			runOnlyForDeploymentPostprocessing = 0;
		};
/* End PBXSourcesBuildPhase section */

/* Begin XCBuildConfiguration section */
		EC14809528DB3C3600C3F3D9 /* Debug */ = {
			isa = XCBuildConfiguration;
			buildSettings = {
				ALWAYS_SEARCH_USER_PATHS = NO;
				CLANG_ANALYZER_NONNULL = YES;
				CLANG_ANALYZER_NUMBER_OBJECT_CONVERSION = YES_AGGRESSIVE;
				CLANG_CXX_LANGUAGE_STANDARD = "gnu++17";
				CLANG_CXX_LIBRARY = "libc++";
				CLANG_ENABLE_MODULES = YES;
				CLANG_ENABLE_OBJC_ARC = YES;
				CLANG_ENABLE_OBJC_WEAK = YES;
				CLANG_WARN_BLOCK_CAPTURE_AUTORELEASING = YES;
				CLANG_WARN_BOOL_CONVERSION = YES;
				CLANG_WARN_COMMA = YES;
				CLANG_WARN_CONSTANT_CONVERSION = YES;
				CLANG_WARN_DEPRECATED_OBJC_IMPLEMENTATIONS = YES;
				CLANG_WARN_DIRECT_OBJC_ISA_USAGE = YES_ERROR;
				CLANG_WARN_DOCUMENTATION_COMMENTS = YES;
				CLANG_WARN_EMPTY_BODY = YES;
				CLANG_WARN_ENUM_CONVERSION = YES;
				CLANG_WARN_INFINITE_RECURSION = YES;
				CLANG_WARN_INT_CONVERSION = YES;
				CLANG_WARN_NON_LITERAL_NULL_CONVERSION = YES;
				CLANG_WARN_OBJC_IMPLICIT_RETAIN_SELF = YES;
				CLANG_WARN_OBJC_LITERAL_CONVERSION = YES;
				CLANG_WARN_OBJC_ROOT_CLASS = YES_ERROR;
				CLANG_WARN_QUOTED_INCLUDE_IN_FRAMEWORK_HEADER = YES;
				CLANG_WARN_RANGE_LOOP_ANALYSIS = YES;
				CLANG_WARN_STRICT_PROTOTYPES = YES;
				CLANG_WARN_SUSPICIOUS_MOVE = YES;
				CLANG_WARN_UNGUARDED_AVAILABILITY = YES_AGGRESSIVE;
				CLANG_WARN_UNREACHABLE_CODE = YES;
				CLANG_WARN__DUPLICATE_METHOD_MATCH = YES;
				COPY_PHASE_STRIP = NO;
				DEBUG_INFORMATION_FORMAT = dwarf;
				ENABLE_STRICT_OBJC_MSGSEND = YES;
				ENABLE_TESTABILITY = YES;
				GCC_C_LANGUAGE_STANDARD = gnu11;
				GCC_DYNAMIC_NO_PIC = NO;
				GCC_NO_COMMON_BLOCKS = YES;
				GCC_OPTIMIZATION_LEVEL = 0;
				GCC_PREPROCESSOR_DEFINITIONS = (
					"DEBUG=1",
					"$(inherited)",
				);
				GCC_WARN_64_TO_32_BIT_CONVERSION = YES;
				GCC_WARN_ABOUT_RETURN_TYPE = YES_ERROR;
				GCC_WARN_UNDECLARED_SELECTOR = YES;
				GCC_WARN_UNINITIALIZED_AUTOS = YES_AGGRESSIVE;
				GCC_WARN_UNUSED_FUNCTION = YES;
				GCC_WARN_UNUSED_VARIABLE = YES;
				IPHONEOS_DEPLOYMENT_TARGET = 15.2;
				MTL_ENABLE_DEBUG_INFO = INCLUDE_SOURCE;
				MTL_FAST_MATH = YES;
				ONLY_ACTIVE_ARCH = YES;
				SDKROOT = iphoneos;
				SWIFT_ACTIVE_COMPILATION_CONDITIONS = DEBUG;
				SWIFT_OPTIMIZATION_LEVEL = "-Onone";
			};
			name = Debug;
		};
		EC14809628DB3C3600C3F3D9 /* Release */ = {
			isa = XCBuildConfiguration;
			buildSettings = {
				ALWAYS_SEARCH_USER_PATHS = NO;
				CLANG_ANALYZER_NONNULL = YES;
				CLANG_ANALYZER_NUMBER_OBJECT_CONVERSION = YES_AGGRESSIVE;
				CLANG_CXX_LANGUAGE_STANDARD = "gnu++17";
				CLANG_CXX_LIBRARY = "libc++";
				CLANG_ENABLE_MODULES = YES;
				CLANG_ENABLE_OBJC_ARC = YES;
				CLANG_ENABLE_OBJC_WEAK = YES;
				CLANG_WARN_BLOCK_CAPTURE_AUTORELEASING = YES;
				CLANG_WARN_BOOL_CONVERSION = YES;
				CLANG_WARN_COMMA = YES;
				CLANG_WARN_CONSTANT_CONVERSION = YES;
				CLANG_WARN_DEPRECATED_OBJC_IMPLEMENTATIONS = YES;
				CLANG_WARN_DIRECT_OBJC_ISA_USAGE = YES_ERROR;
				CLANG_WARN_DOCUMENTATION_COMMENTS = YES;
				CLANG_WARN_EMPTY_BODY = YES;
				CLANG_WARN_ENUM_CONVERSION = YES;
				CLANG_WARN_INFINITE_RECURSION = YES;
				CLANG_WARN_INT_CONVERSION = YES;
				CLANG_WARN_NON_LITERAL_NULL_CONVERSION = YES;
				CLANG_WARN_OBJC_IMPLICIT_RETAIN_SELF = YES;
				CLANG_WARN_OBJC_LITERAL_CONVERSION = YES;
				CLANG_WARN_OBJC_ROOT_CLASS = YES_ERROR;
				CLANG_WARN_QUOTED_INCLUDE_IN_FRAMEWORK_HEADER = YES;
				CLANG_WARN_RANGE_LOOP_ANALYSIS = YES;
				CLANG_WARN_STRICT_PROTOTYPES = YES;
				CLANG_WARN_SUSPICIOUS_MOVE = YES;
				CLANG_WARN_UNGUARDED_AVAILABILITY = YES_AGGRESSIVE;
				CLANG_WARN_UNREACHABLE_CODE = YES;
				CLANG_WARN__DUPLICATE_METHOD_MATCH = YES;
				COPY_PHASE_STRIP = NO;
				DEBUG_INFORMATION_FORMAT = "dwarf-with-dsym";
				ENABLE_NS_ASSERTIONS = NO;
				ENABLE_STRICT_OBJC_MSGSEND = YES;
				GCC_C_LANGUAGE_STANDARD = gnu11;
				GCC_NO_COMMON_BLOCKS = YES;
				GCC_WARN_64_TO_32_BIT_CONVERSION = YES;
				GCC_WARN_ABOUT_RETURN_TYPE = YES_ERROR;
				GCC_WARN_UNDECLARED_SELECTOR = YES;
				GCC_WARN_UNINITIALIZED_AUTOS = YES_AGGRESSIVE;
				GCC_WARN_UNUSED_FUNCTION = YES;
				GCC_WARN_UNUSED_VARIABLE = YES;
				IPHONEOS_DEPLOYMENT_TARGET = 15.2;
				MTL_ENABLE_DEBUG_INFO = NO;
				MTL_FAST_MATH = YES;
				SDKROOT = iphoneos;
				SWIFT_COMPILATION_MODE = wholemodule;
				SWIFT_OPTIMIZATION_LEVEL = "-O";
				VALIDATE_PRODUCT = YES;
			};
			name = Release;
		};
		EC14809828DB3C3600C3F3D9 /* Debug */ = {
			isa = XCBuildConfiguration;
			buildSettings = {
				ASSETCATALOG_COMPILER_APPICON_NAME = AppIcon;
				ASSETCATALOG_COMPILER_GLOBAL_ACCENT_COLOR_NAME = AccentColor;
				CODE_SIGN_STYLE = Automatic;
				CURRENT_PROJECT_VERSION = 1;
				DEVELOPMENT_ASSET_PATHS = "\"bazar-ccm/Preview Content\"";
				ENABLE_PREVIEWS = YES;
				GENERATE_INFOPLIST_FILE = YES;
				INFOPLIST_KEY_UIApplicationSceneManifest_Generation = YES;
				INFOPLIST_KEY_UIApplicationSupportsIndirectInputEvents = YES;
				INFOPLIST_KEY_UILaunchScreen_Generation = YES;
				INFOPLIST_KEY_UISupportedInterfaceOrientations_iPad = "UIInterfaceOrientationPortrait UIInterfaceOrientationPortraitUpsideDown UIInterfaceOrientationLandscapeLeft UIInterfaceOrientationLandscapeRight";
				INFOPLIST_KEY_UISupportedInterfaceOrientations_iPhone = "UIInterfaceOrientationPortrait UIInterfaceOrientationLandscapeLeft UIInterfaceOrientationLandscapeRight";
				LD_RUNPATH_SEARCH_PATHS = (
					"$(inherited)",
					"@executable_path/Frameworks",
				);
				MARKETING_VERSION = 1.0;
				PRODUCT_BUNDLE_IDENTIFIER = "fr.naitsab.bazar-ccm";
				PRODUCT_NAME = "$(TARGET_NAME)";
				SWIFT_EMIT_LOC_STRINGS = YES;
				SWIFT_VERSION = 5.0;
				TARGETED_DEVICE_FAMILY = "1,2";
			};
			name = Debug;
		};
		EC14809928DB3C3600C3F3D9 /* Release */ = {
			isa = XCBuildConfiguration;
			buildSettings = {
				ASSETCATALOG_COMPILER_APPICON_NAME = AppIcon;
				ASSETCATALOG_COMPILER_GLOBAL_ACCENT_COLOR_NAME = AccentColor;
				CODE_SIGN_STYLE = Automatic;
				CURRENT_PROJECT_VERSION = 1;
				DEVELOPMENT_ASSET_PATHS = "\"bazar-ccm/Preview Content\"";
				ENABLE_PREVIEWS = YES;
				GENERATE_INFOPLIST_FILE = YES;
				INFOPLIST_KEY_UIApplicationSceneManifest_Generation = YES;
				INFOPLIST_KEY_UIApplicationSupportsIndirectInputEvents = YES;
				INFOPLIST_KEY_UILaunchScreen_Generation = YES;
				INFOPLIST_KEY_UISupportedInterfaceOrientations_iPad = "UIInterfaceOrientationPortrait UIInterfaceOrientationPortraitUpsideDown UIInterfaceOrientationLandscapeLeft UIInterfaceOrientationLandscapeRight";
				INFOPLIST_KEY_UISupportedInterfaceOrientations_iPhone = "UIInterfaceOrientationPortrait UIInterfaceOrientationLandscapeLeft UIInterfaceOrientationLandscapeRight";
				LD_RUNPATH_SEARCH_PATHS = (
					"$(inherited)",
					"@executable_path/Frameworks",
				);
				MARKETING_VERSION = 1.0;
				PRODUCT_BUNDLE_IDENTIFIER = "fr.naitsab.bazar-ccm";
				PRODUCT_NAME = "$(TARGET_NAME)";
				SWIFT_EMIT_LOC_STRINGS = YES;
				SWIFT_VERSION = 5.0;
				TARGETED_DEVICE_FAMILY = "1,2";
			};
			name = Release;
		};
/* End XCBuildConfiguration section */

/* Begin XCConfigurationList section */
		EC14808428DB3C3200C3F3D9 /* Build configuration list for PBXProject "bazar-ccm" */ = {
			isa = XCConfigurationList;
			buildConfigurations = (
				EC14809528DB3C3600C3F3D9 /* Debug */,
				EC14809628DB3C3600C3F3D9 /* Release */,
			);
			defaultConfigurationIsVisible = 0;
			defaultConfigurationName = Release;
		};
		EC14809728DB3C3600C3F3D9 /* Build configuration list for PBXNativeTarget "bazar-ccm" */ = {
			isa = XCConfigurationList;
			buildConfigurations = (
				EC14809828DB3C3600C3F3D9 /* Debug */,
				EC14809928DB3C3600C3F3D9 /* Release */,
			);
			defaultConfigurationIsVisible = 0;
			defaultConfigurationName = Release;
		};
/* End XCConfigurationList section */
	};
	rootObject = EC14808128DB3C3200C3F3D9 /* Project object */;
}
